<?xml version="1.0" encoding="utf-8"?>
<Project ToolsVersion="4.0" xmlns="http://schemas.microsoft.com/developer/msbuild/2003">
  <ItemGroup>
    <Filter Include="Source Files">
      <UniqueIdentifier>{4FC737F1-C7A5-4376-A066-2A32D752A2FF}</UniqueIdentifier>
      <Extensions>cpp;c;cc;cxx;def;odl;idl;hpj;bat;asm;asmx</Extensions>
    </Filter>
    <Filter Include="Header Files">
      <UniqueIdentifier>{93995380-89BD-4b04-88EB-625FBE52EBFB}</UniqueIdentifier>
      <Extensions>h;hpp;hxx;hm;inl;inc;xsd</Extensions>
    </Filter>
    <Filter Include="Resource Files">
      <UniqueIdentifier>{67DA6AB6-F800-4c08-8B7A-83BB121AAD01}</UniqueIdentifier>
      <Extensions>rc;ico;cur;bmp;dlg;rc2;rct;bin;rgs;gif;jpg;jpeg;jpe;resx;tiff;tif;png;wav</Extensions>
    </Filter>
    <Filter Include="Configuration">
      <UniqueIdentifier>{17c8f8fa-2ef1-4d29-ad9c-8aa2ab1ccd3e}</UniqueIdentifier>
    </Filter>
  </ItemGroup>
  <ItemGroup>
    <ClCompile Include="AdresDlg.cpp">
      <Filter>Source Files</Filter>
    </ClCompile>
    <ClCompile Include="ADSI.cpp">
      <Filter>Source Files</Filter>
    </ClCompile>
    <ClCompile Include="Base64.cpp">
      <Filter>Source Files</Filter>
    </ClCompile>
    <ClCompile Include="ConfigOutboxDlg.cpp">
      <Filter>Source Files</Filter>
    </ClCompile>
    <ClCompile Include="ChooseProfileDlg.cpp">
      <Filter>Source Files</Filter>
    </ClCompile>
    <ClCompile Include="MailCache.cpp">
      <Filter>Source Files</Filter>
    </ClCompile>
    <ClCompile Include="NewAdresDlg.cpp">
      <Filter>Source Files</Filter>
    </ClCompile>
    <ClCompile Include="OutBox.cpp">
      <Filter>Source Files</Filter>
    </ClCompile>
    <ClCompile Include="OutBoxDlg.cpp">
      <Filter>Source Files</Filter>
    </ClCompile>
    <ClCompile Include="PostMail.cpp">
      <Filter>Source Files</Filter>
    </ClCompile>
    <ClCompile Include="PostMailDlg.cpp">
      <Filter>Source Files</Filter>
    </ClCompile>
    <ClCompile Include="Profiles.cpp">
      <Filter>Source Files</Filter>
    </ClCompile>
    <ClCompile Include="ProfileManagamentDlg.cpp">
      <Filter>Source Files</Filter>
    </ClCompile>
    <ClCompile Include="RelayDlg.cpp">
      <Filter>Source Files</Filter>
    </ClCompile>
    <ClCompile Include="SMTPAddress.cpp">
      <Filter>Source Files</Filter>
    </ClCompile>
    <ClCompile Include="SMTPAttachment.cpp">
      <Filter>Source Files</Filter>
    </ClCompile>
    <ClCompile Include="SMTPConnection.cpp">
      <Filter>Source Files</Filter>
    </ClCompile>
    <ClCompile Include="SMTPMessage.cpp">
      <Filter>Source Files</Filter>
    </ClCompile>
    <ClCompile Include="Certificate.cpp">
      <Filter>Source Files</Filter>
    </ClCompile>
    <ClCompile Include="GRAPHConnection.cpp">
      <Filter>Source Files</Filter>
    </ClCompile>
    <ClCompile Include="ODataConfig.cpp">
      <Filter>Source Files</Filter>
    </ClCompile>
    <ClCompile Include="stdafx.cpp">
      <Filter>Configuration</Filter>
    </ClCompile>
    <ClCompile Include="Message.cpp">
      <Filter>Source Files</Filter>
    </ClCompile>
    <ClCompile Include="Commands.cpp">
      <Filter>Source Files</Filter>
    </ClCompile>
    <ClCompile Include="EncryptDlg.cpp">
      <Filter>Source Files</Filter>
    </ClCompile>
  </ItemGroup>
  <ItemGroup>
    <ClInclude Include="AdresDlg.h">
      <Filter>Header Files</Filter>
    </ClInclude>
    <ClInclude Include="Base64.h">
      <Filter>Header Files</Filter>
    </ClInclude>
    <ClInclude Include="ConfigOutboxDlg.h">
      <Filter>Header Files</Filter>
    </ClInclude>
    <ClInclude Include="ChooseProfileDlg.h">
      <Filter>Header Files</Filter>
    </ClInclude>
    <ClInclude Include="MailCache.h">
      <Filter>Header Files</Filter>
    </ClInclude>
    <ClInclude Include="Message.h">
      <Filter>Header Files</Filter>
    </ClInclude>
    <ClInclude Include="NewAdresDlg.h">
      <Filter>Header Files</Filter>
    </ClInclude>
    <ClInclude Include="OutBox.h">
      <Filter>Header Files</Filter>
    </ClInclude>
    <ClInclude Include="OutBoxDlg.h">
      <Filter>Header Files</Filter>
    </ClInclude>
    <ClInclude Include="PostMail.h">
      <Filter>Header Files</Filter>
    </ClInclude>
    <ClInclude Include="PostMailDlg.h">
      <Filter>Header Files</Filter>
    </ClInclude>
    <ClInclude Include="Profiles.h">
      <Filter>Header Files</Filter>
    </ClInclude>
    <ClInclude Include="ProfileManagamentDlg.h">
      <Filter>Header Files</Filter>
    </ClInclude>
    <ClInclude Include="RelayDlg.h">
      <Filter>Header Files</Filter>
    </ClInclude>
    <ClInclude Include="resource.h">
      <Filter>Header Files</Filter>
    </ClInclude>
    <ClInclude Include="SMTPAddress.h">
      <Filter>Header Files</Filter>
    </ClInclude>
    <ClInclude Include="SMTPAttachment.h">
      <Filter>Header Files</Filter>
    </ClInclude>
    <ClInclude Include="SMTPConnection.h">
      <Filter>Header Files</Filter>
    </ClInclude>
    <ClInclude Include="SMTPMessage.h">
      <Filter>Header Files</Filter>
    </ClInclude>
    <ClInclude Include="Version.h">
      <Filter>Header Files</Filter>
    </ClInclude>
    <ClInclude Include="Certificate.h">
      <Filter>Header Files</Filter>
    </ClInclude>
    <ClInclude Include="GRAPHConnection.h">
      <Filter>Header Files</Filter>
    </ClInclude>
    <ClInclude Include="OdataConfig.h">
      <Filter>Header Files</Filter>
    </ClInclude>
    <ClInclude Include="Office365.h">
      <Filter>Header Files</Filter>
    </ClInclude>
    <ClInclude Include="stdafx.h">
      <Filter>Configuration</Filter>
    </ClInclude>
    <ClInclude Include="framework.h">
      <Filter>Configuration</Filter>
    </ClInclude>
    <ClInclude Include="targetver.h">
      <Filter>Configuration</Filter>
    </ClInclude>
    <ClInclude Include="ADSI.h">
      <Filter>Header Files</Filter>
    </ClInclude>
    <ClInclude Include="Commands.h">
      <Filter>Header Files</Filter>
    </ClInclude>
    <ClInclude Include="EncryptDlg.h">
      <Filter>Header Files</Filter>
    </ClInclude>
  </ItemGroup>
  <ItemGroup>
    <Image Include="res\knoppen.bmp">
      <Filter>Resource Files</Filter>
    </Image>
    <Image Include="res\PostMail.ico">
      <Filter>Resource Files</Filter>
    </Image>
  </ItemGroup>
  <ItemGroup>
    <None Include="res\message.html">
      <Filter>Resource Files</Filter>
    </None>
    <None Include="res\PostMail.rc2">
      <Filter>Resource Files</Filter>
    </None>
  </ItemGroup>
  <ItemGroup>
    <ResourceCompile Include="PostMail.rc">
      <Filter>Resource Files</Filter>
    </ResourceCompile>
  </ItemGroup>
</Project>